
Microsoft Visual Studio Solution File, Format Version 12.00
# Visual Studio 15
VisualStudioVersion = 15.0.26124.0
MinimumVisualStudioVersion = 15.0.26124.0
Project("{FAE04EC0-301F-11D3-BF4B-00C04F79EFBC}") = "Vivian", "src\Vivian\Vivian.csproj", "{18032116-0FAC-40F4-8543-6CC1FF878EC0}"
EndProject
Project("{FAE04EC0-301F-11D3-BF4B-00C04F79EFBC}") = "Vivian.Lib", "src\Vivian.Lib\Vivian.Lib.csproj", "{1E768763-2275-4018-9AE9-113D9CB89808}"
EndProject
Project("{FAE04EC0-301F-11D3-BF4B-00C04F79EFBC}") = "Vivian.Tests", "src\Vivian.Tests\Vivian.Tests.csproj", "{4C4AB045-7962-4568-947F-FD9F832C2078}"
EndProject
Global
	GlobalSection(SolutionConfigurationPlatforms) = preSolution
		Debug|Any CPU = Debug|Any CPU
		Debug|x64 = Debug|x64
		Debug|x86 = Debug|x86
		Release|Any CPU = Release|Any CPU
		Release|x64 = Release|x64
		Release|x86 = Release|x86
	EndGlobalSection
	GlobalSection(SolutionProperties) = preSolution
		HideSolutionNode = FALSE
	EndGlobalSection
	GlobalSection(ProjectConfigurationPlatforms) = postSolution
		{18032116-0FAC-40F4-8543-6CC1FF878EC0}.Debug|Any CPU.ActiveCfg = Debug|Any CPU
		{18032116-0FAC-40F4-8543-6CC1FF878EC0}.Debug|Any CPU.Build.0 = Debug|Any CPU
		{18032116-0FAC-40F4-8543-6CC1FF878EC0}.Debug|x64.ActiveCfg = Debug|Any CPU
		{18032116-0FAC-40F4-8543-6CC1FF878EC0}.Debug|x64.Build.0 = Debug|Any CPU
		{18032116-0FAC-40F4-8543-6CC1FF878EC0}.Debug|x86.ActiveCfg = Debug|Any CPU
		{18032116-0FAC-40F4-8543-6CC1FF878EC0}.Debug|x86.Build.0 = Debug|Any CPU
		{18032116-0FAC-40F4-8543-6CC1FF878EC0}.Release|Any CPU.ActiveCfg = Release|Any CPU
		{18032116-0FAC-40F4-8543-6CC1FF878EC0}.Release|Any CPU.Build.0 = Release|Any CPU
		{18032116-0FAC-40F4-8543-6CC1FF878EC0}.Release|x64.ActiveCfg = Release|Any CPU
		{18032116-0FAC-40F4-8543-6CC1FF878EC0}.Release|x64.Build.0 = Release|Any CPU
		{18032116-0FAC-40F4-8543-6CC1FF878EC0}.Release|x86.ActiveCfg = Release|Any CPU
		{18032116-0FAC-40F4-8543-6CC1FF878EC0}.Release|x86.Build.0 = Release|Any CPU
		{1E768763-2275-4018-9AE9-113D9CB89808}.Debug|Any CPU.ActiveCfg = Debug|Any CPU
		{1E768763-2275-4018-9AE9-113D9CB89808}.Debug|Any CPU.Build.0 = Debug|Any CPU
		{1E768763-2275-4018-9AE9-113D9CB89808}.Debug|x64.ActiveCfg = Debug|Any CPU
		{1E768763-2275-4018-9AE9-113D9CB89808}.Debug|x64.Build.0 = Debug|Any CPU
		{1E768763-2275-4018-9AE9-113D9CB89808}.Debug|x86.ActiveCfg = Debug|Any CPU
		{1E768763-2275-4018-9AE9-113D9CB89808}.Debug|x86.Build.0 = Debug|Any CPU
		{1E768763-2275-4018-9AE9-113D9CB89808}.Release|Any CPU.ActiveCfg = Release|Any CPU
		{1E768763-2275-4018-9AE9-113D9CB89808}.Release|Any CPU.Build.0 = Release|Any CPU
		{1E768763-2275-4018-9AE9-113D9CB89808}.Release|x64.ActiveCfg = Release|Any CPU
		{1E768763-2275-4018-9AE9-113D9CB89808}.Release|x64.Build.0 = Release|Any CPU
		{1E768763-2275-4018-9AE9-113D9CB89808}.Release|x86.ActiveCfg = Release|Any CPU
		{1E768763-2275-4018-9AE9-113D9CB89808}.Release|x86.Build.0 = Release|Any CPU
		{4C4AB045-7962-4568-947F-FD9F832C2078}.Debug|Any CPU.ActiveCfg = Debug|Any CPU
		{4C4AB045-7962-4568-947F-FD9F832C2078}.Debug|Any CPU.Build.0 = Debug|Any CPU
		{4C4AB045-7962-4568-947F-FD9F832C2078}.Debug|x64.ActiveCfg = Debug|Any CPU
		{4C4AB045-7962-4568-947F-FD9F832C2078}.Debug|x64.Build.0 = Debug|Any CPU
		{4C4AB045-7962-4568-947F-FD9F832C2078}.Debug|x86.ActiveCfg = Debug|Any CPU
		{4C4AB045-7962-4568-947F-FD9F832C2078}.Debug|x86.Build.0 = Debug|Any CPU
		{4C4AB045-7962-4568-947F-FD9F832C2078}.Release|Any CPU.ActiveCfg = Release|Any CPU
		{4C4AB045-7962-4568-947F-FD9F832C2078}.Release|Any CPU.Build.0 = Release|Any CPU
		{4C4AB045-7962-4568-947F-FD9F832C2078}.Release|x64.ActiveCfg = Release|Any CPU
		{4C4AB045-7962-4568-947F-FD9F832C2078}.Release|x64.Build.0 = Release|Any CPU
		{4C4AB045-7962-4568-947F-FD9F832C2078}.Release|x86.ActiveCfg = Release|Any CPU
		{4C4AB045-7962-4568-947F-FD9F832C2078}.Release|x86.Build.0 = Release|Any CPU
	EndGlobalSection
EndGlobal
